
Microsoft Visual Studio Solution File, Format Version 12.00
# Visual Studio Version 17
VisualStudioVersion = 17.0.31903.59
MinimumVisualStudioVersion = 10.0.40219.1
Project("{2150E333-8FDC-42A3-9474-1A3956D46DE8}") = "AuthService", "AuthService", "{888B4496-9487-42B3-A871-65033F499CEC}"
EndProject
Project("{2150E333-8FDC-42A3-9474-1A3956D46DE8}") = "HerdService", "HerdService", "{5EF8B38C-4AF6-4C11-9D13-0B5E7E02C215}"
EndProject
Project("{2150E333-8FDC-42A3-9474-1A3956D46DE8}") = "FeedingService", "FeedingService", "{EDB63742-2FEC-4357-AFD4-7B0247991EAA}"
EndProject
Project("{2150E333-8FDC-42A3-9474-1A3956D46DE8}") = "ReproductionService", "ReproductionService", "{E7668839-3395-4D0A-B6AB-263B9BF2EAFB}"
EndProject
Project("{2150E333-8FDC-42A3-9474-1A3956D46DE8}") = "HealthService", "HealthService", "{C4B66CF5-ED71-46CE-877B-2853AC58191A}"
EndProject
Project("{2150E333-8FDC-42A3-9474-1A3956D46DE8}") = "InventoryService", "InventoryService", "{180D61CB-0CC2-4E8F-B47B-697D4ACBD4D4}"
EndProject
Project("{2150E333-8FDC-42A3-9474-1A3956D46DE8}") = "CommercialService", "CommercialService", "{B425642E-63F3-4EFE-98D6-DB704C8E89EF}"
EndProject
Project("{FAE04EC0-301F-11D3-BF4B-00C04F79EFBC}") = "Authservice.Infrastructure", "Authservice.Infrastructure\Authservice.Infrastructure.csproj", "{39D3A377-B6F2-4924-9D59-D2F1994B4D29}"
EndProject
Project("{FAE04EC0-301F-11D3-BF4B-00C04F79EFBC}") = "AuthService.Application", "AuthService.Application\AuthService.Application.csproj", "{92646CE5-B320-4AAE-A447-10A75386BC3C}"
EndProject
Project("{FAE04EC0-301F-11D3-BF4B-00C04F79EFBC}") = "AuthService.Domain", "AuthService.Domain\AuthService.Domain.csproj", "{BABE049E-14C5-40CB-8666-95C212735256}"
EndProject
Project("{FAE04EC0-301F-11D3-BF4B-00C04F79EFBC}") = "AuthService.Presentation", "AuthService.Presentation\AuthService.Presentation.csproj", "{4B0883D1-C039-425F-A9E9-22FE45D39215}"
EndProject
Project("{FAE04EC0-301F-11D3-BF4B-00C04F79EFBC}") = "ApiGateWay", "ApiGateWay\ApiGateWay.csproj", "{DE98E379-6B41-4710-873B-4C75ECDED9AF}"
EndProject
Project("{FAE04EC0-301F-11D3-BF4B-00C04F79EFBC}") = "CommercialService.Application", "CommercialService.Application\CommercialService.Application.csproj", "{819E1064-6A58-47B2-BA5E-9EF244DF9C7B}"
EndProject
Project("{FAE04EC0-301F-11D3-BF4B-00C04F79EFBC}") = "CommercialService.Domain", "CommercialService.Domain\CommercialService.Domain.csproj", "{90A70EE0-94AD-44A4-A484-46864DD2B4A8}"
EndProject
Project("{FAE04EC0-301F-11D3-BF4B-00C04F79EFBC}") = "CommercialService.Infrastructure", "CommercialService.Infrastructure\CommercialService.Infrastructure.csproj", "{2F747C4C-0553-4F87-B883-C83A71755938}"
EndProject
Project("{FAE04EC0-301F-11D3-BF4B-00C04F79EFBC}") = "CommercialService.Presentation", "CommercialService.Presentation\CommercialService.Presentation.csproj", "{DBF74810-1C83-4B47-8084-3C712135D39A}"
EndProject
Project("{FAE04EC0-301F-11D3-BF4B-00C04F79EFBC}") = "FeedingService.Presentation", "FeedingService.Presentation\FeedingService.Presentation.csproj", "{7D4FCE1B-2211-46BC-B15A-513E1247870C}"
EndProject
Project("{FAE04EC0-301F-11D3-BF4B-00C04F79EFBC}") = "FeedingService.Infrastructure", "FeedingService.Infrastructure\FeedingService.Infrastructure.csproj", "{6F4ECA37-5446-48F9-827D-BE16E8B6B565}"
EndProject
Project("{FAE04EC0-301F-11D3-BF4B-00C04F79EFBC}") = "FeedingService.Domain", "FeedingService.Domain\FeedingService.Domain.csproj", "{921E2F59-AF62-4C65-BD1C-6278CC9319F0}"
EndProject
Project("{FAE04EC0-301F-11D3-BF4B-00C04F79EFBC}") = "FeedingService.Application", "FeedingService.Application\FeedingService.Application.csproj", "{B3800EB8-55E4-4718-B770-66AC8B48FDD6}"
EndProject
Project("{FAE04EC0-301F-11D3-BF4B-00C04F79EFBC}") = "HealthService.Domain", "HealthService.Domain\HealthService.Domain.csproj", "{C7CE9598-2865-4D0B-922A-60248250AAD5}"
EndProject
Project("{FAE04EC0-301F-11D3-BF4B-00C04F79EFBC}") = "HealthService.Application", "HealthService.Application\HealthService.Application.csproj", "{F01539C2-93E6-409B-B5DD-A6B927629DB9}"
EndProject
Project("{FAE04EC0-301F-11D3-BF4B-00C04F79EFBC}") = "HealthService.Infrastructure", "HealthService.Infrastructure\HealthService.Infrastructure.csproj", "{F339C11B-01F2-49F3-979B-67FD013AFCEF}"
EndProject
Project("{FAE04EC0-301F-11D3-BF4B-00C04F79EFBC}") = "HealthService.Presentation", "HealthService.Presentation\HealthService.Presentation.csproj", "{DCF32A2B-0D53-4BC7-A1BA-1EB5AD8EF64E}"
EndProject
Project("{FAE04EC0-301F-11D3-BF4B-00C04F79EFBC}") = "HerdService.Presentation", "HerdService.Presentation\HerdService.Presentation.csproj", "{1DB4F0EE-2BA6-4D47-AAC9-A695389CBC4C}"
EndProject
Project("{FAE04EC0-301F-11D3-BF4B-00C04F79EFBC}") = "HerdService.Domain", "HerdService.Domain\HerdService.Domain.csproj", "{9F5E56A8-8EAD-4D39-92CE-60A6F3A0DE45}"
EndProject
Project("{FAE04EC0-301F-11D3-BF4B-00C04F79EFBC}") = "HerdService.Application", "HerdService.Application\HerdService.Application.csproj", "{1BFA495D-EC74-427C-B8D8-84425E137311}"
EndProject
Project("{FAE04EC0-301F-11D3-BF4B-00C04F79EFBC}") = "HerdService.Infrastructure", "HerdService.Infrastructure\HerdService.Infrastructure.csproj", "{9BB43182-5184-4A2A-B01E-10D32CD6DD43}"
EndProject
Project("{FAE04EC0-301F-11D3-BF4B-00C04F79EFBC}") = "InventoryService.Domain", "InventoryService.Domain\InventoryService.Domain.csproj", "{C0E215EE-6765-4C6C-A216-1B025103782A}"
EndProject
Project("{FAE04EC0-301F-11D3-BF4B-00C04F79EFBC}") = "InventoryService.Application", "InventoryService.Application\InventoryService.Application.csproj", "{49F11928-7A28-484A-A518-414C4736DFD1}"
EndProject
Project("{FAE04EC0-301F-11D3-BF4B-00C04F79EFBC}") = "InventoryService.Infrastructure", "InventoryService.Infrastructure\InventoryService.Infrastructure.csproj", "{67D0FDF6-FC15-4EB5-8396-7E2BB735AD5F}"
EndProject
Project("{FAE04EC0-301F-11D3-BF4B-00C04F79EFBC}") = "InventoryService.Presentation", "InventoryService.Presentation\InventoryService.Presentation.csproj", "{75CF4B8C-518E-45D8-8714-051C4E835DC7}"
EndProject
Project("{FAE04EC0-301F-11D3-BF4B-00C04F79EFBC}") = "ReproductionService.Presentation", "ReproductionService.Presentation\ReproductionService.Presentation.csproj", "{72B59E1F-B6B4-40BE-80C2-FCA6A4FDBCB2}"
EndProject
Project("{FAE04EC0-301F-11D3-BF4B-00C04F79EFBC}") = "ReproductionService.Infrastructure", "ReproductionService.Infrastructure\ReproductionService.Infrastructure.csproj", "{00FBC25F-82FA-420D-8664-410F195BEC7A}"
EndProject
Project("{FAE04EC0-301F-11D3-BF4B-00C04F79EFBC}") = "ReproductionService.Application", "ReproductionService.Application\ReproductionService.Application.csproj", "{1BCE9440-3223-4F1F-88E3-46B2FDAC4A9D}"
EndProject
Project("{FAE04EC0-301F-11D3-BF4B-00C04F79EFBC}") = "ReproductionService.Domain", "ReproductionService.Domain\ReproductionService.Domain.csproj", "{2289FA9F-0153-4BB1-8A8A-6593B58D66DA}"
EndProject
Global
	GlobalSection(SolutionConfigurationPlatforms) = preSolution
		Debug|Any CPU = Debug|Any CPU
		Release|Any CPU = Release|Any CPU
	EndGlobalSection
	GlobalSection(SolutionProperties) = preSolution
		HideSolutionNode = FALSE
	EndGlobalSection
	GlobalSection(ProjectConfigurationPlatforms) = postSolution
		{39D3A377-B6F2-4924-9D59-D2F1994B4D29}.Debug|Any CPU.ActiveCfg = Debug|Any CPU
		{39D3A377-B6F2-4924-9D59-D2F1994B4D29}.Debug|Any CPU.Build.0 = Debug|Any CPU
		{39D3A377-B6F2-4924-9D59-D2F1994B4D29}.Release|Any CPU.ActiveCfg = Release|Any CPU
		{39D3A377-B6F2-4924-9D59-D2F1994B4D29}.Release|Any CPU.Build.0 = Release|Any CPU
		{92646CE5-B320-4AAE-A447-10A75386BC3C}.Debug|Any CPU.ActiveCfg = Debug|Any CPU
		{92646CE5-B320-4AAE-A447-10A75386BC3C}.Debug|Any CPU.Build.0 = Debug|Any CPU
		{92646CE5-B320-4AAE-A447-10A75386BC3C}.Release|Any CPU.ActiveCfg = Release|Any CPU
		{92646CE5-B320-4AAE-A447-10A75386BC3C}.Release|Any CPU.Build.0 = Release|Any CPU
		{BABE049E-14C5-40CB-8666-95C212735256}.Debug|Any CPU.ActiveCfg = Debug|Any CPU
		{BABE049E-14C5-40CB-8666-95C212735256}.Debug|Any CPU.Build.0 = Debug|Any CPU
		{BABE049E-14C5-40CB-8666-95C212735256}.Release|Any CPU.ActiveCfg = Release|Any CPU
		{BABE049E-14C5-40CB-8666-95C212735256}.Release|Any CPU.Build.0 = Release|Any CPU
		{4B0883D1-C039-425F-A9E9-22FE45D39215}.Debug|Any CPU.ActiveCfg = Debug|Any CPU
		{4B0883D1-C039-425F-A9E9-22FE45D39215}.Debug|Any CPU.Build.0 = Debug|Any CPU
		{4B0883D1-C039-425F-A9E9-22FE45D39215}.Release|Any CPU.ActiveCfg = Release|Any CPU
		{4B0883D1-C039-425F-A9E9-22FE45D39215}.Release|Any CPU.Build.0 = Release|Any CPU
		{DE98E379-6B41-4710-873B-4C75ECDED9AF}.Debug|Any CPU.ActiveCfg = Debug|Any CPU
		{DE98E379-6B41-4710-873B-4C75ECDED9AF}.Debug|Any CPU.Build.0 = Debug|Any CPU
		{DE98E379-6B41-4710-873B-4C75ECDED9AF}.Release|Any CPU.ActiveCfg = Release|Any CPU
		{DE98E379-6B41-4710-873B-4C75ECDED9AF}.Release|Any CPU.Build.0 = Release|Any CPU
		{819E1064-6A58-47B2-BA5E-9EF244DF9C7B}.Debug|Any CPU.ActiveCfg = Debug|Any CPU
		{819E1064-6A58-47B2-BA5E-9EF244DF9C7B}.Debug|Any CPU.Build.0 = Debug|Any CPU
		{819E1064-6A58-47B2-BA5E-9EF244DF9C7B}.Release|Any CPU.ActiveCfg = Release|Any CPU
		{819E1064-6A58-47B2-BA5E-9EF244DF9C7B}.Release|Any CPU.Build.0 = Release|Any CPU
		{90A70EE0-94AD-44A4-A484-46864DD2B4A8}.Debug|Any CPU.ActiveCfg = Debug|Any CPU
		{90A70EE0-94AD-44A4-A484-46864DD2B4A8}.Debug|Any CPU.Build.0 = Debug|Any CPU
		{90A70EE0-94AD-44A4-A484-46864DD2B4A8}.Release|Any CPU.ActiveCfg = Release|Any CPU
		{90A70EE0-94AD-44A4-A484-46864DD2B4A8}.Release|Any CPU.Build.0 = Release|Any CPU
		{2F747C4C-0553-4F87-B883-C83A71755938}.Debug|Any CPU.ActiveCfg = Debug|Any CPU
		{2F747C4C-0553-4F87-B883-C83A71755938}.Debug|Any CPU.Build.0 = Debug|Any CPU
		{2F747C4C-0553-4F87-B883-C83A71755938}.Release|Any CPU.ActiveCfg = Release|Any CPU
		{2F747C4C-0553-4F87-B883-C83A71755938}.Release|Any CPU.Build.0 = Release|Any CPU
		{DBF74810-1C83-4B47-8084-3C712135D39A}.Debug|Any CPU.ActiveCfg = Debug|Any CPU
		{DBF74810-1C83-4B47-8084-3C712135D39A}.Debug|Any CPU.Build.0 = Debug|Any CPU
		{DBF74810-1C83-4B47-8084-3C712135D39A}.Release|Any CPU.ActiveCfg = Release|Any CPU
		{DBF74810-1C83-4B47-8084-3C712135D39A}.Release|Any CPU.Build.0 = Release|Any CPU
		{7D4FCE1B-2211-46BC-B15A-513E1247870C}.Debug|Any CPU.ActiveCfg = Debug|Any CPU
		{7D4FCE1B-2211-46BC-B15A-513E1247870C}.Debug|Any CPU.Build.0 = Debug|Any CPU
		{7D4FCE1B-2211-46BC-B15A-513E1247870C}.Release|Any CPU.ActiveCfg = Release|Any CPU
		{7D4FCE1B-2211-46BC-B15A-513E1247870C}.Release|Any CPU.Build.0 = Release|Any CPU
		{6F4ECA37-5446-48F9-827D-BE16E8B6B565}.Debug|Any CPU.ActiveCfg = Debug|Any CPU
		{6F4ECA37-5446-48F9-827D-BE16E8B6B565}.Debug|Any CPU.Build.0 = Debug|Any CPU
		{6F4ECA37-5446-48F9-827D-BE16E8B6B565}.Release|Any CPU.ActiveCfg = Release|Any CPU
		{6F4ECA37-5446-48F9-827D-BE16E8B6B565}.Release|Any CPU.Build.0 = Release|Any CPU
		{921E2F59-AF62-4C65-BD1C-6278CC9319F0}.Debug|Any CPU.ActiveCfg = Debug|Any CPU
		{921E2F59-AF62-4C65-BD1C-6278CC9319F0}.Debug|Any CPU.Build.0 = Debug|Any CPU
		{921E2F59-AF62-4C65-BD1C-6278CC9319F0}.Release|Any CPU.ActiveCfg = Release|Any CPU
		{921E2F59-AF62-4C65-BD1C-6278CC9319F0}.Release|Any CPU.Build.0 = Release|Any CPU
		{B3800EB8-55E4-4718-B770-66AC8B48FDD6}.Debug|Any CPU.ActiveCfg = Debug|Any CPU
		{B3800EB8-55E4-4718-B770-66AC8B48FDD6}.Debug|Any CPU.Build.0 = Debug|Any CPU
		{B3800EB8-55E4-4718-B770-66AC8B48FDD6}.Release|Any CPU.ActiveCfg = Release|Any CPU
		{B3800EB8-55E4-4718-B770-66AC8B48FDD6}.Release|Any CPU.Build.0 = Release|Any CPU
		{C7CE9598-2865-4D0B-922A-60248250AAD5}.Debug|Any CPU.ActiveCfg = Debug|Any CPU
		{C7CE9598-2865-4D0B-922A-60248250AAD5}.Debug|Any CPU.Build.0 = Debug|Any CPU
		{C7CE9598-2865-4D0B-922A-60248250AAD5}.Release|Any CPU.ActiveCfg = Release|Any CPU
		{C7CE9598-2865-4D0B-922A-60248250AAD5}.Release|Any CPU.Build.0 = Release|Any CPU
		{F01539C2-93E6-409B-B5DD-A6B927629DB9}.Debug|Any CPU.ActiveCfg = Debug|Any CPU
		{F01539C2-93E6-409B-B5DD-A6B927629DB9}.Debug|Any CPU.Build.0 = Debug|Any CPU
		{F01539C2-93E6-409B-B5DD-A6B927629DB9}.Release|Any CPU.ActiveCfg = Release|Any CPU
		{F01539C2-93E6-409B-B5DD-A6B927629DB9}.Release|Any CPU.Build.0 = Release|Any CPU
		{F339C11B-01F2-49F3-979B-67FD013AFCEF}.Debug|Any CPU.ActiveCfg = Debug|Any CPU
		{F339C11B-01F2-49F3-979B-67FD013AFCEF}.Debug|Any CPU.Build.0 = Debug|Any CPU
		{F339C11B-01F2-49F3-979B-67FD013AFCEF}.Release|Any CPU.ActiveCfg = Release|Any CPU
		{F339C11B-01F2-49F3-979B-67FD013AFCEF}.Release|Any CPU.Build.0 = Release|Any CPU
		{DCF32A2B-0D53-4BC7-A1BA-1EB5AD8EF64E}.Debug|Any CPU.ActiveCfg = Debug|Any CPU
		{DCF32A2B-0D53-4BC7-A1BA-1EB5AD8EF64E}.Debug|Any CPU.Build.0 = Debug|Any CPU
		{DCF32A2B-0D53-4BC7-A1BA-1EB5AD8EF64E}.Release|Any CPU.ActiveCfg = Release|Any CPU
		{DCF32A2B-0D53-4BC7-A1BA-1EB5AD8EF64E}.Release|Any CPU.Build.0 = Release|Any CPU
		{1DB4F0EE-2BA6-4D47-AAC9-A695389CBC4C}.Debug|Any CPU.ActiveCfg = Debug|Any CPU
		{1DB4F0EE-2BA6-4D47-AAC9-A695389CBC4C}.Debug|Any CPU.Build.0 = Debug|Any CPU
		{1DB4F0EE-2BA6-4D47-AAC9-A695389CBC4C}.Release|Any CPU.ActiveCfg = Release|Any CPU
		{1DB4F0EE-2BA6-4D47-AAC9-A695389CBC4C}.Release|Any CPU.Build.0 = Release|Any CPU
		{9F5E56A8-8EAD-4D39-92CE-60A6F3A0DE45}.Debug|Any CPU.ActiveCfg = Debug|Any CPU
		{9F5E56A8-8EAD-4D39-92CE-60A6F3A0DE45}.Debug|Any CPU.Build.0 = Debug|Any CPU
		{9F5E56A8-8EAD-4D39-92CE-60A6F3A0DE45}.Release|Any CPU.ActiveCfg = Release|Any CPU
		{9F5E56A8-8EAD-4D39-92CE-60A6F3A0DE45}.Release|Any CPU.Build.0 = Release|Any CPU
		{1BFA495D-EC74-427C-B8D8-84425E137311}.Debug|Any CPU.ActiveCfg = Debug|Any CPU
		{1BFA495D-EC74-427C-B8D8-84425E137311}.Debug|Any CPU.Build.0 = Debug|Any CPU
		{1BFA495D-EC74-427C-B8D8-84425E137311}.Release|Any CPU.ActiveCfg = Release|Any CPU
		{1BFA495D-EC74-427C-B8D8-84425E137311}.Release|Any CPU.Build.0 = Release|Any CPU
		{9BB43182-5184-4A2A-B01E-10D32CD6DD43}.Debug|Any CPU.ActiveCfg = Debug|Any CPU
		{9BB43182-5184-4A2A-B01E-10D32CD6DD43}.Debug|Any CPU.Build.0 = Debug|Any CPU
		{9BB43182-5184-4A2A-B01E-10D32CD6DD43}.Release|Any CPU.ActiveCfg = Release|Any CPU
		{9BB43182-5184-4A2A-B01E-10D32CD6DD43}.Release|Any CPU.Build.0 = Release|Any CPU
		{C0E215EE-6765-4C6C-A216-1B025103782A}.Debug|Any CPU.ActiveCfg = Debug|Any CPU
		{C0E215EE-6765-4C6C-A216-1B025103782A}.Debug|Any CPU.Build.0 = Debug|Any CPU
		{C0E215EE-6765-4C6C-A216-1B025103782A}.Release|Any CPU.ActiveCfg = Release|Any CPU
		{C0E215EE-6765-4C6C-A216-1B025103782A}.Release|Any CPU.Build.0 = Release|Any CPU
		{49F11928-7A28-484A-A518-414C4736DFD1}.Debug|Any CPU.ActiveCfg = Debug|Any CPU
		{49F11928-7A28-484A-A518-414C4736DFD1}.Debug|Any CPU.Build.0 = Debug|Any CPU
		{49F11928-7A28-484A-A518-414C4736DFD1}.Release|Any CPU.ActiveCfg = Release|Any CPU
		{49F11928-7A28-484A-A518-414C4736DFD1}.Release|Any CPU.Build.0 = Release|Any CPU
		{67D0FDF6-FC15-4EB5-8396-7E2BB735AD5F}.Debug|Any CPU.ActiveCfg = Debug|Any CPU
		{67D0FDF6-FC15-4EB5-8396-7E2BB735AD5F}.Debug|Any CPU.Build.0 = Debug|Any CPU
		{67D0FDF6-FC15-4EB5-8396-7E2BB735AD5F}.Release|Any CPU.ActiveCfg = Release|Any CPU
		{67D0FDF6-FC15-4EB5-8396-7E2BB735AD5F}.Release|Any CPU.Build.0 = Release|Any CPU
		{75CF4B8C-518E-45D8-8714-051C4E835DC7}.Debug|Any CPU.ActiveCfg = Debug|Any CPU
		{75CF4B8C-518E-45D8-8714-051C4E835DC7}.Debug|Any CPU.Build.0 = Debug|Any CPU
		{75CF4B8C-518E-45D8-8714-051C4E835DC7}.Release|Any CPU.ActiveCfg = Release|Any CPU
		{75CF4B8C-518E-45D8-8714-051C4E835DC7}.Release|Any CPU.Build.0 = Release|Any CPU
		{72B59E1F-B6B4-40BE-80C2-FCA6A4FDBCB2}.Debug|Any CPU.ActiveCfg = Debug|Any CPU
		{72B59E1F-B6B4-40BE-80C2-FCA6A4FDBCB2}.Debug|Any CPU.Build.0 = Debug|Any CPU
		{72B59E1F-B6B4-40BE-80C2-FCA6A4FDBCB2}.Release|Any CPU.ActiveCfg = Release|Any CPU
		{72B59E1F-B6B4-40BE-80C2-FCA6A4FDBCB2}.Release|Any CPU.Build.0 = Release|Any CPU
		{00FBC25F-82FA-420D-8664-410F195BEC7A}.Debug|Any CPU.ActiveCfg = Debug|Any CPU
		{00FBC25F-82FA-420D-8664-410F195BEC7A}.Debug|Any CPU.Build.0 = Debug|Any CPU
		{00FBC25F-82FA-420D-8664-410F195BEC7A}.Release|Any CPU.ActiveCfg = Release|Any CPU
		{00FBC25F-82FA-420D-8664-410F195BEC7A}.Release|Any CPU.Build.0 = Release|Any CPU
		{1BCE9440-3223-4F1F-88E3-46B2FDAC4A9D}.Debug|Any CPU.ActiveCfg = Debug|Any CPU
		{1BCE9440-3223-4F1F-88E3-46B2FDAC4A9D}.Debug|Any CPU.Build.0 = Debug|Any CPU
		{1BCE9440-3223-4F1F-88E3-46B2FDAC4A9D}.Release|Any CPU.ActiveCfg = Release|Any CPU
		{1BCE9440-3223-4F1F-88E3-46B2FDAC4A9D}.Release|Any CPU.Build.0 = Release|Any CPU
		{2289FA9F-0153-4BB1-8A8A-6593B58D66DA}.Debug|Any CPU.ActiveCfg = Debug|Any CPU
		{2289FA9F-0153-4BB1-8A8A-6593B58D66DA}.Debug|Any CPU.Build.0 = Debug|Any CPU
		{2289FA9F-0153-4BB1-8A8A-6593B58D66DA}.Release|Any CPU.ActiveCfg = Release|Any CPU
		{2289FA9F-0153-4BB1-8A8A-6593B58D66DA}.Release|Any CPU.Build.0 = Release|Any CPU
	EndGlobalSection
	GlobalSection(NestedProjects) = preSolution
		{39D3A377-B6F2-4924-9D59-D2F1994B4D29} = {888B4496-9487-42B3-A871-65033F499CEC}
		{92646CE5-B320-4AAE-A447-10A75386BC3C} = {888B4496-9487-42B3-A871-65033F499CEC}
		{BABE049E-14C5-40CB-8666-95C212735256} = {888B4496-9487-42B3-A871-65033F499CEC}
		{4B0883D1-C039-425F-A9E9-22FE45D39215} = {888B4496-9487-42B3-A871-65033F499CEC}
		{819E1064-6A58-47B2-BA5E-9EF244DF9C7B} = {B425642E-63F3-4EFE-98D6-DB704C8E89EF}
		{90A70EE0-94AD-44A4-A484-46864DD2B4A8} = {B425642E-63F3-4EFE-98D6-DB704C8E89EF}
		{2F747C4C-0553-4F87-B883-C83A71755938} = {B425642E-63F3-4EFE-98D6-DB704C8E89EF}
		{DBF74810-1C83-4B47-8084-3C712135D39A} = {B425642E-63F3-4EFE-98D6-DB704C8E89EF}
		{7D4FCE1B-2211-46BC-B15A-513E1247870C} = {EDB63742-2FEC-4357-AFD4-7B0247991EAA}
		{6F4ECA37-5446-48F9-827D-BE16E8B6B565} = {EDB63742-2FEC-4357-AFD4-7B0247991EAA}
		{921E2F59-AF62-4C65-BD1C-6278CC9319F0} = {EDB63742-2FEC-4357-AFD4-7B0247991EAA}
		{B3800EB8-55E4-4718-B770-66AC8B48FDD6} = {EDB63742-2FEC-4357-AFD4-7B0247991EAA}
		{C7CE9598-2865-4D0B-922A-60248250AAD5} = {C4B66CF5-ED71-46CE-877B-2853AC58191A}
		{F01539C2-93E6-409B-B5DD-A6B927629DB9} = {C4B66CF5-ED71-46CE-877B-2853AC58191A}
		{F339C11B-01F2-49F3-979B-67FD013AFCEF} = {C4B66CF5-ED71-46CE-877B-2853AC58191A}
		{DCF32A2B-0D53-4BC7-A1BA-1EB5AD8EF64E} = {C4B66CF5-ED71-46CE-877B-2853AC58191A}
		{1DB4F0EE-2BA6-4D47-AAC9-A695389CBC4C} = {5EF8B38C-4AF6-4C11-9D13-0B5E7E02C215}
		{9F5E56A8-8EAD-4D39-92CE-60A6F3A0DE45} = {5EF8B38C-4AF6-4C11-9D13-0B5E7E02C215}
		{1BFA495D-EC74-427C-B8D8-84425E137311} = {5EF8B38C-4AF6-4C11-9D13-0B5E7E02C215}
		{9BB43182-5184-4A2A-B01E-10D32CD6DD43} = {5EF8B38C-4AF6-4C11-9D13-0B5E7E02C215}
		{C0E215EE-6765-4C6C-A216-1B025103782A} = {180D61CB-0CC2-4E8F-B47B-697D4ACBD4D4}
		{49F11928-7A28-484A-A518-414C4736DFD1} = {180D61CB-0CC2-4E8F-B47B-697D4ACBD4D4}
		{67D0FDF6-FC15-4EB5-8396-7E2BB735AD5F} = {180D61CB-0CC2-4E8F-B47B-697D4ACBD4D4}
		{75CF4B8C-518E-45D8-8714-051C4E835DC7} = {180D61CB-0CC2-4E8F-B47B-697D4ACBD4D4}
		{72B59E1F-B6B4-40BE-80C2-FCA6A4FDBCB2} = {E7668839-3395-4D0A-B6AB-263B9BF2EAFB}
		{00FBC25F-82FA-420D-8664-410F195BEC7A} = {E7668839-3395-4D0A-B6AB-263B9BF2EAFB}
		{1BCE9440-3223-4F1F-88E3-46B2FDAC4A9D} = {E7668839-3395-4D0A-B6AB-263B9BF2EAFB}
		{2289FA9F-0153-4BB1-8A8A-6593B58D66DA} = {E7668839-3395-4D0A-B6AB-263B9BF2EAFB}
	EndGlobalSection
EndGlobal
